
Microsoft Visual Studio Solution File, Format Version 12.00
# Visual Studio Version 17
VisualStudioVersion = 17.3.32811.315
MinimumVisualStudioVersion = 10.0.40219.1
Project("{FAE04EC0-301F-11D3-BF4B-00C04F79EFBC}") = "EntradaSaida", "EntradaSaida\EntradaSaida.csproj", "{4A28D12C-556C-4FAD-987E-946CD7C7F13B}"
EndProject
Global
	GlobalSection(SolutionConfigurationPlatforms) = preSolution
		Debug|Any CPU = Debug|Any CPU
		Release|Any CPU = Release|Any CPU
	EndGlobalSection
	GlobalSection(ProjectConfigurationPlatforms) = postSolution
		{4A28D12C-556C-4FAD-987E-946CD7C7F13B}.Debug|Any CPU.ActiveCfg = Debug|Any CPU
		{4A28D12C-556C-4FAD-987E-946CD7C7F13B}.Debug|Any CPU.Build.0 = Debug|Any CPU
		{4A28D12C-556C-4FAD-987E-946CD7C7F13B}.Release|Any CPU.ActiveCfg = Release|Any CPU
		{4A28D12C-556C-4FAD-987E-946CD7C7F13B}.Release|Any CPU.Build.0 = Release|Any CPU
	EndGlobalSection
	GlobalSection(SolutionProperties) = preSolution
		HideSolutionNode = FALSE
	EndGlobalSection
	GlobalSection(ExtensibilityGlobals) = postSolution
		SolutionGuid = {3DFF404F-D34B-468E-BAA9-A9BCB29DCA9C}
	EndGlobalSection
EndGlobal
